
Microsoft Visual Studio Solution File, Format Version 12.00
# Visual Studio Version 17
VisualStudioVersion = 17.0.32126.317
MinimumVisualStudioVersion = 10.0.40219.1
Project("{FAE04EC0-301F-11D3-BF4B-00C04F79EFBC}") = "addressbook-web-tests", "addressbook-web-tests\addressbook-web-tests.csproj", "{CCCC2D0B-32FC-4BC1-84D4-CA85019953C3}"
EndProject
Global
	GlobalSection(SolutionConfigurationPlatforms) = preSolution
		Debug|Any CPU = Debug|Any CPU
		Release|Any CPU = Release|Any CPU
	EndGlobalSection
	GlobalSection(ProjectConfigurationPlatforms) = postSolution
		{CCCC2D0B-32FC-4BC1-84D4-CA85019953C3}.Debug|Any CPU.ActiveCfg = Debug|Any CPU
		{CCCC2D0B-32FC-4BC1-84D4-CA85019953C3}.Debug|Any CPU.Build.0 = Debug|Any CPU
		{CCCC2D0B-32FC-4BC1-84D4-CA85019953C3}.Release|Any CPU.ActiveCfg = Release|Any CPU
		{CCCC2D0B-32FC-4BC1-84D4-CA85019953C3}.Release|Any CPU.Build.0 = Release|Any CPU
	EndGlobalSection
	GlobalSection(SolutionProperties) = preSolution
		HideSolutionNode = FALSE
	EndGlobalSection
	GlobalSection(ExtensibilityGlobals) = postSolution
		SolutionGuid = {FA1DA3C0-9011-4BD4-8FAF-2F6AB22A1F1F}
	EndGlobalSection
EndGlobal
